
Microsoft Visual Studio Solution File, Format Version 12.00
# Visual Studio Version 17
VisualStudioVersion = 17.9.34622.214
MinimumVisualStudioVersion = 10.0.40219.1
Project("{FAE04EC0-301F-11D3-BF4B-00C04F79EFBC}") = "StringCalculator.Tests", "StringCalculator.Tests\StringCalculator.Tests.csproj", "{778D563F-EF21-409C-89D7-75358FCDDAEF}"
EndProject
Global
	GlobalSection(SolutionConfigurationPlatforms) = preSolution
		Debug|Any CPU = Debug|Any CPU
		Release|Any CPU = Release|Any CPU
	EndGlobalSection
	GlobalSection(ProjectConfigurationPlatforms) = postSolution
		{778D563F-EF21-409C-89D7-75358FCDDAEF}.Debug|Any CPU.ActiveCfg = Debug|Any CPU
		{778D563F-EF21-409C-89D7-75358FCDDAEF}.Debug|Any CPU.Build.0 = Debug|Any CPU
		{778D563F-EF21-409C-89D7-75358FCDDAEF}.Release|Any CPU.ActiveCfg = Release|Any CPU
		{778D563F-EF21-409C-89D7-75358FCDDAEF}.Release|Any CPU.Build.0 = Release|Any CPU
	EndGlobalSection
	GlobalSection(SolutionProperties) = preSolution
		HideSolutionNode = FALSE
	EndGlobalSection
	GlobalSection(ExtensibilityGlobals) = postSolution
		SolutionGuid = {5AA7C0B4-5EC6-440F-B4DF-D05C24638766}
	EndGlobalSection
EndGlobal
