
Microsoft Visual Studio Solution File, Format Version 12.00
# Visual Studio Version 17
VisualStudioVersion = 17.9.34622.214
MinimumVisualStudioVersion = 10.0.40219.1
Project("{FAE04EC0-301F-11D3-BF4B-00C04F79EFBC}") = "Banking.UnitTests", "Banking.UnitTests\Banking.UnitTests.csproj", "{0CA3AAC6-97A2-497B-B57F-F008E643ED7C}"
EndProject
Project("{FAE04EC0-301F-11D3-BF4B-00C04F79EFBC}") = "Bank", "Bank\Bank.csproj", "{48482259-A2AE-4695-A0AD-BB3CE1FF0F8E}"
EndProject
Global
	GlobalSection(SolutionConfigurationPlatforms) = preSolution
		Debug|Any CPU = Debug|Any CPU
		Release|Any CPU = Release|Any CPU
	EndGlobalSection
	GlobalSection(ProjectConfigurationPlatforms) = postSolution
		{0CA3AAC6-97A2-497B-B57F-F008E643ED7C}.Debug|Any CPU.ActiveCfg = Debug|Any CPU
		{0CA3AAC6-97A2-497B-B57F-F008E643ED7C}.Debug|Any CPU.Build.0 = Debug|Any CPU
		{0CA3AAC6-97A2-497B-B57F-F008E643ED7C}.Release|Any CPU.ActiveCfg = Release|Any CPU
		{0CA3AAC6-97A2-497B-B57F-F008E643ED7C}.Release|Any CPU.Build.0 = Release|Any CPU
		{48482259-A2AE-4695-A0AD-BB3CE1FF0F8E}.Debug|Any CPU.ActiveCfg = Debug|Any CPU
		{48482259-A2AE-4695-A0AD-BB3CE1FF0F8E}.Debug|Any CPU.Build.0 = Debug|Any CPU
		{48482259-A2AE-4695-A0AD-BB3CE1FF0F8E}.Release|Any CPU.ActiveCfg = Release|Any CPU
		{48482259-A2AE-4695-A0AD-BB3CE1FF0F8E}.Release|Any CPU.Build.0 = Release|Any CPU
	EndGlobalSection
	GlobalSection(SolutionProperties) = preSolution
		HideSolutionNode = FALSE
	EndGlobalSection
	GlobalSection(ExtensibilityGlobals) = postSolution
		SolutionGuid = {AD4ED7E9-D967-4376-B4F0-34BE94A269B7}
	EndGlobalSection
EndGlobal
